
Microsoft Visual Studio Solution File, Format Version 12.00
# Visual Studio Version 16
VisualStudioVersion = 16.0.31613.86
MinimumVisualStudioVersion = 10.0.40219.1
Project("{FAE04EC0-301F-11D3-BF4B-00C04F79EFBC}") = "Zolotykh", "Zolotykh\Zolotykh.csproj", "{F070A90C-5109-41B8-A064-993850281B9D}"
EndProject
Global
	GlobalSection(SolutionConfigurationPlatforms) = preSolution
		Debug|Any CPU = Debug|Any CPU
		Release|Any CPU = Release|Any CPU
	EndGlobalSection
	GlobalSection(ProjectConfigurationPlatforms) = postSolution
		{F070A90C-5109-41B8-A064-993850281B9D}.Debug|Any CPU.ActiveCfg = Debug|Any CPU
		{F070A90C-5109-41B8-A064-993850281B9D}.Debug|Any CPU.Build.0 = Debug|Any CPU
		{F070A90C-5109-41B8-A064-993850281B9D}.Release|Any CPU.ActiveCfg = Release|Any CPU
		{F070A90C-5109-41B8-A064-993850281B9D}.Release|Any CPU.Build.0 = Release|Any CPU
	EndGlobalSection
	GlobalSection(SolutionProperties) = preSolution
		HideSolutionNode = FALSE
	EndGlobalSection
	GlobalSection(ExtensibilityGlobals) = postSolution
		SolutionGuid = {DEAC1B90-C635-4E51-B89D-4A85F80BD3AA}
	EndGlobalSection
EndGlobal
